// !$*UTF8*$!
{
	archiveVersion = 1;
	classes = {
	};
	objectVersion = 50;
	objects = {

/* Begin PBXBuildFile section */
		842254472084858600AF81DC /* RNContactManager.m in Sources */ = {isa = PBXBuildFile; fileRef = 842254462084858600AF81DC /* RNContactManager.m */; };
		842254B2208486E100AF81DC /* Contacts.framework in Frameworks */ = {isa = PBXBuildFile; fileRef = 842254B1208486E100AF81DC /* Contacts.framework */; };
		8422572B20F88900004C2ECF /* RNImagesView.m in Sources */ = {isa = PBXBuildFile; fileRef = 8422572A20F88900004C2ECF /* RNImagesView.m */; };
		8422572E20F8A7AC004C2ECF /* RNImagesDetailView.m in Sources */ = {isa = PBXBuildFile; fileRef = 8422572D20F8A7AC004C2ECF /* RNImagesDetailView.m */; };
		8422573120F8A93E004C2ECF /* RNLoadingView.m in Sources */ = {isa = PBXBuildFile; fileRef = 8422573020F8A93E004C2ECF /* RNLoadingView.m */; };
		8422573520F8ADC2004C2ECF /* RNImageCollectionCell.m in Sources */ = {isa = PBXBuildFile; fileRef = 8422573320F8ADC2004C2ECF /* RNImageCollectionCell.m */; };
		84A8E81E207CB24000410316 /* RNImageManager.m in Sources */ = {isa = PBXBuildFile; fileRef = 84A8E81D207CB24000410316 /* RNImageManager.m */; };
		84F3F4F22092CC7D007468A7 /* RNMapManager.m in Sources */ = {isa = PBXBuildFile; fileRef = 84F3F4F12092CC7D007468A7 /* RNMapManager.m */; };
		84F3F4F42092CC9B007468A7 /* MapKit.framework in Frameworks */ = {isa = PBXBuildFile; fileRef = 84F3F4F32092CC9B007468A7 /* MapKit.framework */; };
		84F3F4F62092CCA6007468A7 /* CoreLocation.framework in Frameworks */ = {isa = PBXBuildFile; fileRef = 84F3F4F52092CCA6007468A7 /* CoreLocation.framework */; };
/* End PBXBuildFile section */

/* Begin PBXCopyFilesBuildPhase section */
		84A8E80E207CB19400410316 /* CopyFiles */ = {
			isa = PBXCopyFilesBuildPhase;
			buildActionMask = 2147483647;
			dstPath = "include/$(PRODUCT_NAME)";
			dstSubfolderSpec = 16;
			files = (
			);
			runOnlyForDeploymentPostprocessing = 0;
		};
/* End PBXCopyFilesBuildPhase section */

/* Begin PBXFileReference section */
		842254452084858600AF81DC /* RNContactManager.h */ = {isa = PBXFileReference; lastKnownFileType = sourcecode.c.h; path = RNContactManager.h; sourceTree = "<group>"; };
		842254462084858600AF81DC /* RNContactManager.m */ = {isa = PBXFileReference; lastKnownFileType = sourcecode.c.objc; path = RNContactManager.m; sourceTree = "<group>"; };
		842254B1208486E100AF81DC /* Contacts.framework */ = {isa = PBXFileReference; lastKnownFileType = wrapper.framework; name = Contacts.framework; path = System/Library/Frameworks/Contacts.framework; sourceTree = SDKROOT; };
		8422572920F88900004C2ECF /* RNImagesView.h */ = {isa = PBXFileReference; lastKnownFileType = sourcecode.c.h; path = RNImagesView.h; sourceTree = "<group>"; };
		8422572A20F88900004C2ECF /* RNImagesView.m */ = {isa = PBXFileReference; lastKnownFileType = sourcecode.c.objc; path = RNImagesView.m; sourceTree = "<group>"; };
		8422572C20F8A7AC004C2ECF /* RNImagesDetailView.h */ = {isa = PBXFileReference; lastKnownFileType = sourcecode.c.h; path = RNImagesDetailView.h; sourceTree = "<group>"; };
		8422572D20F8A7AC004C2ECF /* RNImagesDetailView.m */ = {isa = PBXFileReference; lastKnownFileType = sourcecode.c.objc; path = RNImagesDetailView.m; sourceTree = "<group>"; };
		8422572F20F8A93E004C2ECF /* RNLoadingView.h */ = {isa = PBXFileReference; lastKnownFileType = sourcecode.c.h; path = RNLoadingView.h; sourceTree = "<group>"; };
		8422573020F8A93E004C2ECF /* RNLoadingView.m */ = {isa = PBXFileReference; lastKnownFileType = sourcecode.c.objc; path = RNLoadingView.m; sourceTree = "<group>"; };
		8422573220F8ADC2004C2ECF /* RNImageCollectionCell.h */ = {isa = PBXFileReference; lastKnownFileType = sourcecode.c.h; path = RNImageCollectionCell.h; sourceTree = "<group>"; };
		8422573320F8ADC2004C2ECF /* RNImageCollectionCell.m */ = {isa = PBXFileReference; lastKnownFileType = sourcecode.c.objc; path = RNImageCollectionCell.m; sourceTree = "<group>"; };
		84A8E810207CB19400410316 /* libRNManagers.a */ = {isa = PBXFileReference; explicitFileType = archive.ar; includeInIndex = 0; path = libRNManagers.a; sourceTree = BUILT_PRODUCTS_DIR; };
		84A8E81C207CB24000410316 /* RNImageManager.h */ = {isa = PBXFileReference; fileEncoding = 4; lastKnownFileType = sourcecode.c.h; path = RNImageManager.h; sourceTree = "<group>"; };
		84A8E81D207CB24000410316 /* RNImageManager.m */ = {isa = PBXFileReference; fileEncoding = 4; lastKnownFileType = sourcecode.c.objc; path = RNImageManager.m; sourceTree = "<group>"; };
		84F3F4F02092CC7D007468A7 /* RNMapManager.h */ = {isa = PBXFileReference; lastKnownFileType = sourcecode.c.h; path = RNMapManager.h; sourceTree = "<group>"; };
		84F3F4F12092CC7D007468A7 /* RNMapManager.m */ = {isa = PBXFileReference; lastKnownFileType = sourcecode.c.objc; path = RNMapManager.m; sourceTree = "<group>"; };
		84F3F4F32092CC9B007468A7 /* MapKit.framework */ = {isa = PBXFileReference; lastKnownFileType = wrapper.framework; name = MapKit.framework; path = System/Library/Frameworks/MapKit.framework; sourceTree = SDKROOT; };
		84F3F4F52092CCA6007468A7 /* CoreLocation.framework */ = {isa = PBXFileReference; lastKnownFileType = wrapper.framework; name = CoreLocation.framework; path = System/Library/Frameworks/CoreLocation.framework; sourceTree = SDKROOT; };
/* End PBXFileReference section */

/* Begin PBXFrameworksBuildPhase section */
		84A8E80D207CB19400410316 /* Frameworks */ = {
			isa = PBXFrameworksBuildPhase;
			buildActionMask = 2147483647;
			files = (
				84F3F4F62092CCA6007468A7 /* CoreLocation.framework in Frameworks */,
				84F3F4F42092CC9B007468A7 /* MapKit.framework in Frameworks */,
				842254B2208486E100AF81DC /* Contacts.framework in Frameworks */,
			);
			runOnlyForDeploymentPostprocessing = 0;
		};
/* End PBXFrameworksBuildPhase section */

/* Begin PBXGroup section */
		842254B0208486E000AF81DC /* Frameworks */ = {
			isa = PBXGroup;
			children = (
				84F3F4F52092CCA6007468A7 /* CoreLocation.framework */,
				84F3F4F32092CC9B007468A7 /* MapKit.framework */,
				842254B1208486E100AF81DC /* Contacts.framework */,
			);
			name = Frameworks;
			sourceTree = "<group>";
		};
		84A8E807207CB19400410316 = {
			isa = PBXGroup;
			children = (
				8422572920F88900004C2ECF /* RNImagesView.h */,
				8422572A20F88900004C2ECF /* RNImagesView.m */,
				8422572C20F8A7AC004C2ECF /* RNImagesDetailView.h */,
				8422572D20F8A7AC004C2ECF /* RNImagesDetailView.m */,
				8422573220F8ADC2004C2ECF /* RNImageCollectionCell.h */,
				8422573320F8ADC2004C2ECF /* RNImageCollectionCell.m */,
				8422572F20F8A93E004C2ECF /* RNLoadingView.h */,
				8422573020F8A93E004C2ECF /* RNLoadingView.m */,
				84A8E81C207CB24000410316 /* RNImageManager.h */,
				84A8E81D207CB24000410316 /* RNImageManager.m */,
				842254452084858600AF81DC /* RNContactManager.h */,
				842254462084858600AF81DC /* RNContactManager.m */,
				84F3F4F02092CC7D007468A7 /* RNMapManager.h */,
				84F3F4F12092CC7D007468A7 /* RNMapManager.m */,
				84A8E811207CB19400410316 /* Products */,
				842254B0208486E000AF81DC /* Frameworks */,
			);
			sourceTree = "<group>";
		};
		84A8E811207CB19400410316 /* Products */ = {
			isa = PBXGroup;
			children = (
				84A8E810207CB19400410316 /* libRNManagers.a */,
			);
			name = Products;
			sourceTree = "<group>";
		};
/* End PBXGroup section */

/* Begin PBXNativeTarget section */
		84A8E80F207CB19400410316 /* RNManagers */ = {
			isa = PBXNativeTarget;
			buildConfigurationList = 84A8E819207CB19400410316 /* Build configuration list for PBXNativeTarget "RNManagers" */;
			buildPhases = (
				84A8E80C207CB19400410316 /* Sources */,
				84A8E80D207CB19400410316 /* Frameworks */,
				84A8E80E207CB19400410316 /* CopyFiles */,
			);
			buildRules = (
			);
			dependencies = (
			);
			name = RNManagers;
			productName = RNImageManager;
			productReference = 84A8E810207CB19400410316 /* libRNManagers.a */;
			productType = "com.apple.product-type.library.static";
		};
/* End PBXNativeTarget section */

/* Begin PBXProject section */
		84A8E808207CB19400410316 /* Project object */ = {
			isa = PBXProject;
			attributes = {
				LastUpgradeCheck = 0930;
				ORGANIZATIONNAME = Develop;
				TargetAttributes = {
					84A8E80F207CB19400410316 = {
						CreatedOnToolsVersion = 9.3;
					};
				};
			};
			buildConfigurationList = 84A8E80B207CB19400410316 /* Build configuration list for PBXProject "RNManagers" */;
			compatibilityVersion = "Xcode 9.3";
			developmentRegion = en;
			hasScannedForEncodings = 0;
			knownRegions = (
				en,
			);
			mainGroup = 84A8E807207CB19400410316;
			productRefGroup = 84A8E811207CB19400410316 /* Products */;
			projectDirPath = "";
			projectRoot = "";
			targets = (
				84A8E80F207CB19400410316 /* RNManagers */,
			);
		};
/* End PBXProject section */

/* Begin PBXSourcesBuildPhase section */
		84A8E80C207CB19400410316 /* Sources */ = {
			isa = PBXSourcesBuildPhase;
			buildActionMask = 2147483647;
			files = (
				842254472084858600AF81DC /* RNContactManager.m in Sources */,
				84F3F4F22092CC7D007468A7 /* RNMapManager.m in Sources */,
				8422572B20F88900004C2ECF /* RNImagesView.m in Sources */,
				8422573120F8A93E004C2ECF /* RNLoadingView.m in Sources */,
				84A8E81E207CB24000410316 /* RNImageManager.m in Sources */,
				8422572E20F8A7AC004C2ECF /* RNImagesDetailView.m in Sources */,
				8422573520F8ADC2004C2ECF /* RNImageCollectionCell.m in Sources */,
			);
			runOnlyForDeploymentPostprocessing = 0;
		};
/* End PBXSourcesBuildPhase section */

/* Begin XCBuildConfiguration section */
		84A8E817207CB19400410316 /* Debug */ = {
			isa = XCBuildConfiguration;
			buildSettings = {
				ALWAYS_SEARCH_USER_PATHS = NO;
				CLANG_ANALYZER_NONNULL = YES;
				CLANG_ANALYZER_NUMBER_OBJECT_CONVERSION = YES_AGGRESSIVE;
				CLANG_CXX_LANGUAGE_STANDARD = "gnu++14";
				CLANG_CXX_LIBRARY = "libc++";
				CLANG_ENABLE_MODULES = YES;
				CLANG_ENABLE_OBJC_ARC = YES;
				CLANG_ENABLE_OBJC_WEAK = YES;
				CLANG_WARN_BLOCK_CAPTURE_AUTORELEASING = YES;
				CLANG_WARN_BOOL_CONVERSION = YES;
				CLANG_WARN_COMMA = YES;
				CLANG_WARN_CONSTANT_CONVERSION = YES;
				CLANG_WARN_DEPRECATED_OBJC_IMPLEMENTATIONS = YES;
				CLANG_WARN_DIRECT_OBJC_ISA_USAGE = YES_ERROR;
				CLANG_WARN_DOCUMENTATION_COMMENTS = YES;
				CLANG_WARN_EMPTY_BODY = YES;
				CLANG_WARN_ENUM_CONVERSION = YES;
				CLANG_WARN_INFINITE_RECURSION = YES;
				CLANG_WARN_INT_CONVERSION = YES;
				CLANG_WARN_NON_LITERAL_NULL_CONVERSION = YES;
				CLANG_WARN_OBJC_IMPLICIT_RETAIN_SELF = YES;
				CLANG_WARN_OBJC_LITERAL_CONVERSION = YES;
				CLANG_WARN_OBJC_ROOT_CLASS = YES_ERROR;
				CLANG_WARN_RANGE_LOOP_ANALYSIS = YES;
				CLANG_WARN_STRICT_PROTOTYPES = YES;
				CLANG_WARN_SUSPICIOUS_MOVE = YES;
				CLANG_WARN_UNGUARDED_AVAILABILITY = YES_AGGRESSIVE;
				CLANG_WARN_UNREACHABLE_CODE = YES;
				CLANG_WARN__DUPLICATE_METHOD_MATCH = YES;
				CODE_SIGN_IDENTITY = "iPhone Developer";
				COPY_PHASE_STRIP = NO;
				DEBUG_INFORMATION_FORMAT = dwarf;
				ENABLE_STRICT_OBJC_MSGSEND = YES;
				ENABLE_TESTABILITY = YES;
				GCC_C_LANGUAGE_STANDARD = gnu11;
				GCC_DYNAMIC_NO_PIC = NO;
				GCC_NO_COMMON_BLOCKS = YES;
				GCC_OPTIMIZATION_LEVEL = 0;
				GCC_PREPROCESSOR_DEFINITIONS = (
					"DEBUG=1",
					"$(inherited)",
				);
				GCC_WARN_64_TO_32_BIT_CONVERSION = YES;
				GCC_WARN_ABOUT_RETURN_TYPE = YES_ERROR;
				GCC_WARN_UNDECLARED_SELECTOR = YES;
				GCC_WARN_UNINITIALIZED_AUTOS = YES_AGGRESSIVE;
				GCC_WARN_UNUSED_FUNCTION = YES;
				GCC_WARN_UNUSED_VARIABLE = YES;
				IPHONEOS_DEPLOYMENT_TARGET = 11.3;
				MTL_ENABLE_DEBUG_INFO = YES;
				ONLY_ACTIVE_ARCH = YES;
				SDKROOT = iphoneos;
			};
			name = Debug;
		};
		84A8E818207CB19400410316 /* Release */ = {
			isa = XCBuildConfiguration;
			buildSettings = {
				ALWAYS_SEARCH_USER_PATHS = NO;
				CLANG_ANALYZER_NONNULL = YES;
				CLANG_ANALYZER_NUMBER_OBJECT_CONVERSION = YES_AGGRESSIVE;
				CLANG_CXX_LANGUAGE_STANDARD = "gnu++14";
				CLANG_CXX_LIBRARY = "libc++";
				CLANG_ENABLE_MODULES = YES;
				CLANG_ENABLE_OBJC_ARC = YES;
				CLANG_ENABLE_OBJC_WEAK = YES;
				CLANG_WARN_BLOCK_CAPTURE_AUTORELEASING = YES;
				CLANG_WARN_BOOL_CONVERSION = YES;
				CLANG_WARN_COMMA = YES;
				CLANG_WARN_CONSTANT_CONVERSION = YES;
				CLANG_WARN_DEPRECATED_OBJC_IMPLEMENTATIONS = YES;
				CLANG_WARN_DIRECT_OBJC_ISA_USAGE = YES_ERROR;
				CLANG_WARN_DOCUMENTATION_COMMENTS = YES;
				CLANG_WARN_EMPTY_BODY = YES;
				CLANG_WARN_ENUM_CONVERSION = YES;
				CLANG_WARN_INFINITE_RECURSION = YES;
				CLANG_WARN_INT_CONVERSION = YES;
				CLANG_WARN_NON_LITERAL_NULL_CONVERSION = YES;
				CLANG_WARN_OBJC_IMPLICIT_RETAIN_SELF = YES;
				CLANG_WARN_OBJC_LITERAL_CONVERSION = YES;
				CLANG_WARN_OBJC_ROOT_CLASS = YES_ERROR;
				CLANG_WARN_RANGE_LOOP_ANALYSIS = YES;
				CLANG_WARN_STRICT_PROTOTYPES = YES;
				CLANG_WARN_SUSPICIOUS_MOVE = YES;
				CLANG_WARN_UNGUARDED_AVAILABILITY = YES_AGGRESSIVE;
				CLANG_WARN_UNREACHABLE_CODE = YES;
				CLANG_WARN__DUPLICATE_METHOD_MATCH = YES;
				CODE_SIGN_IDENTITY = "iPhone Developer";
				COPY_PHASE_STRIP = NO;
				DEBUG_INFORMATION_FORMAT = "dwarf-with-dsym";
				ENABLE_NS_ASSERTIONS = NO;
				ENABLE_STRICT_OBJC_MSGSEND = YES;
				GCC_C_LANGUAGE_STANDARD = gnu11;
				GCC_NO_COMMON_BLOCKS = YES;
				GCC_WARN_64_TO_32_BIT_CONVERSION = YES;
				GCC_WARN_ABOUT_RETURN_TYPE = YES_ERROR;
				GCC_WARN_UNDECLARED_SELECTOR = YES;
				GCC_WARN_UNINITIALIZED_AUTOS = YES_AGGRESSIVE;
				GCC_WARN_UNUSED_FUNCTION = YES;
				GCC_WARN_UNUSED_VARIABLE = YES;
				IPHONEOS_DEPLOYMENT_TARGET = 11.3;
				MTL_ENABLE_DEBUG_INFO = NO;
				SDKROOT = iphoneos;
				VALIDATE_PRODUCT = YES;
			};
			name = Release;
		};
		84A8E81A207CB19400410316 /* Debug */ = {
			isa = XCBuildConfiguration;
			buildSettings = {
				CODE_SIGN_STYLE = Automatic;
				GCC_C_LANGUAGE_STANDARD = gnu99;
				HEADER_SEARCH_PATHS = "$(BUILT_PRODUCTS_DIR)/usr/local/include";
				OTHER_LDFLAGS = "-ObjC";
				PRODUCT_MODULE_NAME = RNManagers;
				PRODUCT_NAME = "$(TARGET_NAME)";
				SKIP_INSTALL = YES;
				TARGETED_DEVICE_FAMILY = 1;
			};
			name = Debug;
		};
		84A8E81B207CB19400410316 /* Release */ = {
			isa = XCBuildConfiguration;
			buildSettings = {
				CODE_SIGN_STYLE = Automatic;
				GCC_C_LANGUAGE_STANDARD = gnu99;
				HEADER_SEARCH_PATHS = "$(BUILT_PRODUCTS_DIR)/usr/local/include";
				OTHER_LDFLAGS = "-ObjC";
				PRODUCT_MODULE_NAME = RNManagers;
				PRODUCT_NAME = "$(TARGET_NAME)";
				SKIP_INSTALL = YES;
				TARGETED_DEVICE_FAMILY = 1;
			};
			name = Release;
		};
/* End XCBuildConfiguration section */

/* Begin XCConfigurationList section */
		84A8E80B207CB19400410316 /* Build configuration list for PBXProject "RNManagers" */ = {
			isa = XCConfigurationList;
			buildConfigurations = (
				84A8E817207CB19400410316 /* Debug */,
				84A8E818207CB19400410316 /* Release */,
			);
			defaultConfigurationIsVisible = 0;
			defaultConfigurationName = Release;
		};
		84A8E819207CB19400410316 /* Build configuration list for PBXNativeTarget "RNManagers" */ = {
			isa = XCConfigurationList;
			buildConfigurations = (
				84A8E81A207CB19400410316 /* Debug */,
				84A8E81B207CB19400410316 /* Release */,
			);
			defaultConfigurationIsVisible = 0;
			defaultConfigurationName = Release;
		};
/* End XCConfigurationList section */
	};
	rootObject = 84A8E808207CB19400410316 /* Project object */;
}
